
Microsoft Visual Studio Solution File, Format Version 12.00
# Visual Studio 15
VisualStudioVersion = 15.0.26430.12
MinimumVisualStudioVersion = 10.0.40219.1
Project("{FAE04EC0-301F-11D3-BF4B-00C04F79EFBC}") = "OurEclipse", "OurEclipse\OurEclipse.csproj", "{2ADABF2A-AF64-4231-A757-43A94E773D8F}"
EndProject
Project("{FAE04EC0-301F-11D3-BF4B-00C04F79EFBC}") = "Compiler", "Compiler\Compiler.csproj", "{C903712F-7528-4158-97EC-F33A62AFCED7}"
EndProject
Project("{FAE04EC0-301F-11D3-BF4B-00C04F79EFBC}") = "CodeBoxControl", "CodeBoxControl\CodeBoxControl.csproj", "{46801FC4-93A9-4AF9-AAE1-C01C6C09932F}"
EndProject
Project("{FAE04EC0-301F-11D3-BF4B-00C04F79EFBC}") = "RE2DFA", "ConsoleApp1\RE2DFA.csproj", "{6DFBB21F-1099-4D57-9C5E-BCF0818633C7}"
EndProject
Project("{FAE04EC0-301F-11D3-BF4B-00C04F79EFBC}") = "RE2DFATests", "ConsoleApp1Tests\RE2DFATests.csproj", "{9DA313CC-F0A3-4AAF-92C3-22543B9EBBCE}"
EndProject
Project("{FAE04EC0-301F-11D3-BF4B-00C04F79EFBC}") = "Lexical_Analyzer", "Lexical_Analyzer\Lexical_Analyzer.csproj", "{BEA046EB-7F09-4DF9-816D-65C2C05A9C3C}"
EndProject
Global
	GlobalSection(SolutionConfigurationPlatforms) = preSolution
		Debug|Any CPU = Debug|Any CPU
		Release|Any CPU = Release|Any CPU
	EndGlobalSection
	GlobalSection(ProjectConfigurationPlatforms) = postSolution
		{2ADABF2A-AF64-4231-A757-43A94E773D8F}.Debug|Any CPU.ActiveCfg = Debug|Any CPU
		{2ADABF2A-AF64-4231-A757-43A94E773D8F}.Debug|Any CPU.Build.0 = Debug|Any CPU
		{2ADABF2A-AF64-4231-A757-43A94E773D8F}.Release|Any CPU.ActiveCfg = Release|Any CPU
		{2ADABF2A-AF64-4231-A757-43A94E773D8F}.Release|Any CPU.Build.0 = Release|Any CPU
		{C903712F-7528-4158-97EC-F33A62AFCED7}.Debug|Any CPU.ActiveCfg = Debug|Any CPU
		{C903712F-7528-4158-97EC-F33A62AFCED7}.Debug|Any CPU.Build.0 = Debug|Any CPU
		{C903712F-7528-4158-97EC-F33A62AFCED7}.Release|Any CPU.ActiveCfg = Release|Any CPU
		{C903712F-7528-4158-97EC-F33A62AFCED7}.Release|Any CPU.Build.0 = Release|Any CPU
		{46801FC4-93A9-4AF9-AAE1-C01C6C09932F}.Debug|Any CPU.ActiveCfg = Debug|Any CPU
		{46801FC4-93A9-4AF9-AAE1-C01C6C09932F}.Debug|Any CPU.Build.0 = Debug|Any CPU
		{46801FC4-93A9-4AF9-AAE1-C01C6C09932F}.Release|Any CPU.ActiveCfg = Release|Any CPU
		{46801FC4-93A9-4AF9-AAE1-C01C6C09932F}.Release|Any CPU.Build.0 = Release|Any CPU
		{6DFBB21F-1099-4D57-9C5E-BCF0818633C7}.Debug|Any CPU.ActiveCfg = Debug|Any CPU
		{6DFBB21F-1099-4D57-9C5E-BCF0818633C7}.Debug|Any CPU.Build.0 = Debug|Any CPU
		{6DFBB21F-1099-4D57-9C5E-BCF0818633C7}.Release|Any CPU.ActiveCfg = Release|Any CPU
		{6DFBB21F-1099-4D57-9C5E-BCF0818633C7}.Release|Any CPU.Build.0 = Release|Any CPU
		{9DA313CC-F0A3-4AAF-92C3-22543B9EBBCE}.Debug|Any CPU.ActiveCfg = Debug|Any CPU
		{9DA313CC-F0A3-4AAF-92C3-22543B9EBBCE}.Debug|Any CPU.Build.0 = Debug|Any CPU
		{9DA313CC-F0A3-4AAF-92C3-22543B9EBBCE}.Release|Any CPU.ActiveCfg = Release|Any CPU
		{9DA313CC-F0A3-4AAF-92C3-22543B9EBBCE}.Release|Any CPU.Build.0 = Release|Any CPU
		{BEA046EB-7F09-4DF9-816D-65C2C05A9C3C}.Debug|Any CPU.ActiveCfg = Debug|Any CPU
		{BEA046EB-7F09-4DF9-816D-65C2C05A9C3C}.Debug|Any CPU.Build.0 = Debug|Any CPU
		{BEA046EB-7F09-4DF9-816D-65C2C05A9C3C}.Release|Any CPU.ActiveCfg = Release|Any CPU
		{BEA046EB-7F09-4DF9-816D-65C2C05A9C3C}.Release|Any CPU.Build.0 = Release|Any CPU
	EndGlobalSection
	GlobalSection(SolutionProperties) = preSolution
		HideSolutionNode = FALSE
	EndGlobalSection
	GlobalSection(ExtensibilityGlobals) = postSolution
		SolutionGuid = {42BB4F36-0585-4408-A6F1-A5C078CF5480}
	EndGlobalSection
EndGlobal
